
Microsoft Visual Studio Solution File, Format Version 12.00
# Visual Studio 2013
VisualStudioVersion = 12.0.31101.0
MinimumVisualStudioVersion = 10.0.40219.1
Project("{FAE04EC0-301F-11D3-BF4B-00C04F79EFBC}") = "Galactic GPS", "Galactic GPS\Galactic GPS.csproj", "{61757B60-2B8D-40DA-80D3-8BD34728C8FB}"
EndProject
Project("{FAE04EC0-301F-11D3-BF4B-00C04F79EFBC}") = "Fraction Calculator", "Fraction Calculator\Fraction Calculator.csproj", "{DFAB7372-1A55-46A1-AB08-639EDDF20230}"
EndProject
Project("{FAE04EC0-301F-11D3-BF4B-00C04F79EFBC}") = "Generic List", "Generic List\Generic List.csproj", "{2F78CD51-C449-44F4-BB11-7A5864B037BD}"
EndProject
Global
	GlobalSection(SolutionConfigurationPlatforms) = preSolution
		Debug|Any CPU = Debug|Any CPU
		Release|Any CPU = Release|Any CPU
	EndGlobalSection
	GlobalSection(ProjectConfigurationPlatforms) = postSolution
		{61757B60-2B8D-40DA-80D3-8BD34728C8FB}.Debug|Any CPU.ActiveCfg = Debug|Any CPU
		{61757B60-2B8D-40DA-80D3-8BD34728C8FB}.Debug|Any CPU.Build.0 = Debug|Any CPU
		{61757B60-2B8D-40DA-80D3-8BD34728C8FB}.Release|Any CPU.ActiveCfg = Release|Any CPU
		{61757B60-2B8D-40DA-80D3-8BD34728C8FB}.Release|Any CPU.Build.0 = Release|Any CPU
		{DFAB7372-1A55-46A1-AB08-639EDDF20230}.Debug|Any CPU.ActiveCfg = Debug|Any CPU
		{DFAB7372-1A55-46A1-AB08-639EDDF20230}.Debug|Any CPU.Build.0 = Debug|Any CPU
		{DFAB7372-1A55-46A1-AB08-639EDDF20230}.Release|Any CPU.ActiveCfg = Release|Any CPU
		{DFAB7372-1A55-46A1-AB08-639EDDF20230}.Release|Any CPU.Build.0 = Release|Any CPU
		{2F78CD51-C449-44F4-BB11-7A5864B037BD}.Debug|Any CPU.ActiveCfg = Debug|Any CPU
		{2F78CD51-C449-44F4-BB11-7A5864B037BD}.Debug|Any CPU.Build.0 = Debug|Any CPU
		{2F78CD51-C449-44F4-BB11-7A5864B037BD}.Release|Any CPU.ActiveCfg = Release|Any CPU
		{2F78CD51-C449-44F4-BB11-7A5864B037BD}.Release|Any CPU.Build.0 = Release|Any CPU
	EndGlobalSection
	GlobalSection(SolutionProperties) = preSolution
		HideSolutionNode = FALSE
	EndGlobalSection
EndGlobal
